
Microsoft Visual Studio Solution File, Format Version 12.00
# Visual Studio 15
VisualStudioVersion = 15.0.27004.2009
MinimumVisualStudioVersion = 10.0.40219.1
Project("{2150E333-8FDC-42A3-9474-1A3956D46DE8}") = "3 - Xamarin.Forms", "3 - Xamarin.Forms", "{7785EE11-01F1-48C8-ABEC-A41362A02491}"
EndProject
Project("{2150E333-8FDC-42A3-9474-1A3956D46DE8}") = "1 - Xamarin.Android", "1 - Xamarin.Android", "{80C445DD-673D-47C9-8F9C-3A1E8AA16C64}"
EndProject
Project("{2150E333-8FDC-42A3-9474-1A3956D46DE8}") = "2 - Xamarin.IOS", "2 - Xamarin.IOS", "{DD37091B-AE10-4D2D-898F-650C5015625C}"
EndProject
Project("{FAE04EC0-301F-11D3-BF4B-00C04F79EFBC}") = "StartXamarin.Droid", "StartXamarin.Droid\StartXamarin.Droid.csproj", "{303C6BD8-4B6B-465C-B4B0-82AFD7FFFA68}"
EndProject
Project("{FAE04EC0-301F-11D3-BF4B-00C04F79EFBC}") = "StartXamarin.IOS", "StartXamarin.IOS\StartXamarin.IOS.csproj", "{3A1EB2AF-F0C3-498C-8A2B-AD5DB79593E6}"
EndProject
Project("{FAE04EC0-301F-11D3-BF4B-00C04F79EFBC}") = "StartXamarin.Forms.Android", "StartXamarin.Forms\StartXamarin.Forms.Android\StartXamarin.Forms.Android.csproj", "{A6C419A5-D020-4925-B7BF-8014E5E0E56A}"
EndProject
Project("{FAE04EC0-301F-11D3-BF4B-00C04F79EFBC}") = "StartXamarin.Forms", "StartXamarin.Forms\StartXamarin.Forms\StartXamarin.Forms.csproj", "{FF9CC0A8-A430-428B-AAAC-DA6350E6EDCD}"
EndProject
Project("{FAE04EC0-301F-11D3-BF4B-00C04F79EFBC}") = "StartXamarin.Forms.UWP", "StartXamarin.Forms\StartXamarin.Forms.UWP\StartXamarin.Forms.UWP.csproj", "{B409451C-1C26-464F-84AF-FDC58E931FD5}"
EndProject
Project("{FAE04EC0-301F-11D3-BF4B-00C04F79EFBC}") = "StartXamarin.Forms.iOS", "StartXamarin.Forms\StartXamarin.Forms.iOS\StartXamarin.Forms.iOS.csproj", "{B2939796-8353-4792-9ECC-16D786F09B73}"
EndProject
Global
	GlobalSection(SolutionConfigurationPlatforms) = preSolution
		Ad-Hoc|Any CPU = Ad-Hoc|Any CPU
		Ad-Hoc|ARM = Ad-Hoc|ARM
		Ad-Hoc|iPhone = Ad-Hoc|iPhone
		Ad-Hoc|iPhoneSimulator = Ad-Hoc|iPhoneSimulator
		Ad-Hoc|x64 = Ad-Hoc|x64
		Ad-Hoc|x86 = Ad-Hoc|x86
		AppStore|Any CPU = AppStore|Any CPU
		AppStore|ARM = AppStore|ARM
		AppStore|iPhone = AppStore|iPhone
		AppStore|iPhoneSimulator = AppStore|iPhoneSimulator
		AppStore|x64 = AppStore|x64
		AppStore|x86 = AppStore|x86
		Debug|Any CPU = Debug|Any CPU
		Debug|ARM = Debug|ARM
		Debug|iPhone = Debug|iPhone
		Debug|iPhoneSimulator = Debug|iPhoneSimulator
		Debug|x64 = Debug|x64
		Debug|x86 = Debug|x86
		Release|Any CPU = Release|Any CPU
		Release|ARM = Release|ARM
		Release|iPhone = Release|iPhone
		Release|iPhoneSimulator = Release|iPhoneSimulator
		Release|x64 = Release|x64
		Release|x86 = Release|x86
	EndGlobalSection
	GlobalSection(ProjectConfigurationPlatforms) = postSolution
		{303C6BD8-4B6B-465C-B4B0-82AFD7FFFA68}.Ad-Hoc|Any CPU.ActiveCfg = Release|Any CPU
		{303C6BD8-4B6B-465C-B4B0-82AFD7FFFA68}.Ad-Hoc|Any CPU.Build.0 = Release|Any CPU
		{303C6BD8-4B6B-465C-B4B0-82AFD7FFFA68}.Ad-Hoc|Any CPU.Deploy.0 = Release|Any CPU
		{303C6BD8-4B6B-465C-B4B0-82AFD7FFFA68}.Ad-Hoc|ARM.ActiveCfg = Release|Any CPU
		{303C6BD8-4B6B-465C-B4B0-82AFD7FFFA68}.Ad-Hoc|ARM.Build.0 = Release|Any CPU
		{303C6BD8-4B6B-465C-B4B0-82AFD7FFFA68}.Ad-Hoc|ARM.Deploy.0 = Release|Any CPU
		{303C6BD8-4B6B-465C-B4B0-82AFD7FFFA68}.Ad-Hoc|iPhone.ActiveCfg = Release|Any CPU
		{303C6BD8-4B6B-465C-B4B0-82AFD7FFFA68}.Ad-Hoc|iPhone.Build.0 = Release|Any CPU
		{303C6BD8-4B6B-465C-B4B0-82AFD7FFFA68}.Ad-Hoc|iPhone.Deploy.0 = Release|Any CPU
		{303C6BD8-4B6B-465C-B4B0-82AFD7FFFA68}.Ad-Hoc|iPhoneSimulator.ActiveCfg = Release|Any CPU
		{303C6BD8-4B6B-465C-B4B0-82AFD7FFFA68}.Ad-Hoc|iPhoneSimulator.Build.0 = Release|Any CPU
		{303C6BD8-4B6B-465C-B4B0-82AFD7FFFA68}.Ad-Hoc|iPhoneSimulator.Deploy.0 = Release|Any CPU
		{303C6BD8-4B6B-465C-B4B0-82AFD7FFFA68}.Ad-Hoc|x64.ActiveCfg = Release|Any CPU
		{303C6BD8-4B6B-465C-B4B0-82AFD7FFFA68}.Ad-Hoc|x64.Build.0 = Release|Any CPU
		{303C6BD8-4B6B-465C-B4B0-82AFD7FFFA68}.Ad-Hoc|x64.Deploy.0 = Release|Any CPU
		{303C6BD8-4B6B-465C-B4B0-82AFD7FFFA68}.Ad-Hoc|x86.ActiveCfg = Release|Any CPU
		{303C6BD8-4B6B-465C-B4B0-82AFD7FFFA68}.Ad-Hoc|x86.Build.0 = Release|Any CPU
		{303C6BD8-4B6B-465C-B4B0-82AFD7FFFA68}.Ad-Hoc|x86.Deploy.0 = Release|Any CPU
		{303C6BD8-4B6B-465C-B4B0-82AFD7FFFA68}.AppStore|Any CPU.ActiveCfg = Release|Any CPU
		{303C6BD8-4B6B-465C-B4B0-82AFD7FFFA68}.AppStore|Any CPU.Build.0 = Release|Any CPU
		{303C6BD8-4B6B-465C-B4B0-82AFD7FFFA68}.AppStore|Any CPU.Deploy.0 = Release|Any CPU
		{303C6BD8-4B6B-465C-B4B0-82AFD7FFFA68}.AppStore|ARM.ActiveCfg = Release|Any CPU
		{303C6BD8-4B6B-465C-B4B0-82AFD7FFFA68}.AppStore|ARM.Build.0 = Release|Any CPU
		{303C6BD8-4B6B-465C-B4B0-82AFD7FFFA68}.AppStore|ARM.Deploy.0 = Release|Any CPU
		{303C6BD8-4B6B-465C-B4B0-82AFD7FFFA68}.AppStore|iPhone.ActiveCfg = Release|Any CPU
		{303C6BD8-4B6B-465C-B4B0-82AFD7FFFA68}.AppStore|iPhone.Build.0 = Release|Any CPU
		{303C6BD8-4B6B-465C-B4B0-82AFD7FFFA68}.AppStore|iPhone.Deploy.0 = Release|Any CPU
		{303C6BD8-4B6B-465C-B4B0-82AFD7FFFA68}.AppStore|iPhoneSimulator.ActiveCfg = Release|Any CPU
		{303C6BD8-4B6B-465C-B4B0-82AFD7FFFA68}.AppStore|iPhoneSimulator.Build.0 = Release|Any CPU
		{303C6BD8-4B6B-465C-B4B0-82AFD7FFFA68}.AppStore|iPhoneSimulator.Deploy.0 = Release|Any CPU
		{303C6BD8-4B6B-465C-B4B0-82AFD7FFFA68}.AppStore|x64.ActiveCfg = Release|Any CPU
		{303C6BD8-4B6B-465C-B4B0-82AFD7FFFA68}.AppStore|x64.Build.0 = Release|Any CPU
		{303C6BD8-4B6B-465C-B4B0-82AFD7FFFA68}.AppStore|x64.Deploy.0 = Release|Any CPU
		{303C6BD8-4B6B-465C-B4B0-82AFD7FFFA68}.AppStore|x86.ActiveCfg = Release|Any CPU
		{303C6BD8-4B6B-465C-B4B0-82AFD7FFFA68}.AppStore|x86.Build.0 = Release|Any CPU
		{303C6BD8-4B6B-465C-B4B0-82AFD7FFFA68}.AppStore|x86.Deploy.0 = Release|Any CPU
		{303C6BD8-4B6B-465C-B4B0-82AFD7FFFA68}.Debug|Any CPU.ActiveCfg = Debug|Any CPU
		{303C6BD8-4B6B-465C-B4B0-82AFD7FFFA68}.Debug|Any CPU.Build.0 = Debug|Any CPU
		{303C6BD8-4B6B-465C-B4B0-82AFD7FFFA68}.Debug|Any CPU.Deploy.0 = Debug|Any CPU
		{303C6BD8-4B6B-465C-B4B0-82AFD7FFFA68}.Debug|ARM.ActiveCfg = Debug|Any CPU
		{303C6BD8-4B6B-465C-B4B0-82AFD7FFFA68}.Debug|ARM.Build.0 = Debug|Any CPU
		{303C6BD8-4B6B-465C-B4B0-82AFD7FFFA68}.Debug|ARM.Deploy.0 = Debug|Any CPU
		{303C6BD8-4B6B-465C-B4B0-82AFD7FFFA68}.Debug|iPhone.ActiveCfg = Debug|Any CPU
		{303C6BD8-4B6B-465C-B4B0-82AFD7FFFA68}.Debug|iPhone.Build.0 = Debug|Any CPU
		{303C6BD8-4B6B-465C-B4B0-82AFD7FFFA68}.Debug|iPhone.Deploy.0 = Debug|Any CPU
		{303C6BD8-4B6B-465C-B4B0-82AFD7FFFA68}.Debug|iPhoneSimulator.ActiveCfg = Debug|Any CPU
		{303C6BD8-4B6B-465C-B4B0-82AFD7FFFA68}.Debug|iPhoneSimulator.Build.0 = Debug|Any CPU
		{303C6BD8-4B6B-465C-B4B0-82AFD7FFFA68}.Debug|iPhoneSimulator.Deploy.0 = Debug|Any CPU
		{303C6BD8-4B6B-465C-B4B0-82AFD7FFFA68}.Debug|x64.ActiveCfg = Debug|Any CPU
		{303C6BD8-4B6B-465C-B4B0-82AFD7FFFA68}.Debug|x64.Build.0 = Debug|Any CPU
		{303C6BD8-4B6B-465C-B4B0-82AFD7FFFA68}.Debug|x64.Deploy.0 = Debug|Any CPU
		{303C6BD8-4B6B-465C-B4B0-82AFD7FFFA68}.Debug|x86.ActiveCfg = Debug|Any CPU
		{303C6BD8-4B6B-465C-B4B0-82AFD7FFFA68}.Debug|x86.Build.0 = Debug|Any CPU
		{303C6BD8-4B6B-465C-B4B0-82AFD7FFFA68}.Debug|x86.Deploy.0 = Debug|Any CPU
		{303C6BD8-4B6B-465C-B4B0-82AFD7FFFA68}.Release|Any CPU.ActiveCfg = Release|Any CPU
		{303C6BD8-4B6B-465C-B4B0-82AFD7FFFA68}.Release|Any CPU.Build.0 = Release|Any CPU
		{303C6BD8-4B6B-465C-B4B0-82AFD7FFFA68}.Release|Any CPU.Deploy.0 = Release|Any CPU
		{303C6BD8-4B6B-465C-B4B0-82AFD7FFFA68}.Release|ARM.ActiveCfg = Release|Any CPU
		{303C6BD8-4B6B-465C-B4B0-82AFD7FFFA68}.Release|ARM.Build.0 = Release|Any CPU
		{303C6BD8-4B6B-465C-B4B0-82AFD7FFFA68}.Release|ARM.Deploy.0 = Release|Any CPU
		{303C6BD8-4B6B-465C-B4B0-82AFD7FFFA68}.Release|iPhone.ActiveCfg = Release|Any CPU
		{303C6BD8-4B6B-465C-B4B0-82AFD7FFFA68}.Release|iPhone.Build.0 = Release|Any CPU
		{303C6BD8-4B6B-465C-B4B0-82AFD7FFFA68}.Release|iPhone.Deploy.0 = Release|Any CPU
		{303C6BD8-4B6B-465C-B4B0-82AFD7FFFA68}.Release|iPhoneSimulator.ActiveCfg = Release|Any CPU
		{303C6BD8-4B6B-465C-B4B0-82AFD7FFFA68}.Release|iPhoneSimulator.Build.0 = Release|Any CPU
		{303C6BD8-4B6B-465C-B4B0-82AFD7FFFA68}.Release|iPhoneSimulator.Deploy.0 = Release|Any CPU
		{303C6BD8-4B6B-465C-B4B0-82AFD7FFFA68}.Release|x64.ActiveCfg = Release|Any CPU
		{303C6BD8-4B6B-465C-B4B0-82AFD7FFFA68}.Release|x64.Build.0 = Release|Any CPU
		{303C6BD8-4B6B-465C-B4B0-82AFD7FFFA68}.Release|x64.Deploy.0 = Release|Any CPU
		{303C6BD8-4B6B-465C-B4B0-82AFD7FFFA68}.Release|x86.ActiveCfg = Release|Any CPU
		{303C6BD8-4B6B-465C-B4B0-82AFD7FFFA68}.Release|x86.Build.0 = Release|Any CPU
		{303C6BD8-4B6B-465C-B4B0-82AFD7FFFA68}.Release|x86.Deploy.0 = Release|Any CPU
		{3A1EB2AF-F0C3-498C-8A2B-AD5DB79593E6}.Ad-Hoc|Any CPU.ActiveCfg = Ad-Hoc|iPhone
		{3A1EB2AF-F0C3-498C-8A2B-AD5DB79593E6}.Ad-Hoc|ARM.ActiveCfg = Ad-Hoc|iPhone
		{3A1EB2AF-F0C3-498C-8A2B-AD5DB79593E6}.Ad-Hoc|iPhone.ActiveCfg = Ad-Hoc|iPhone
		{3A1EB2AF-F0C3-498C-8A2B-AD5DB79593E6}.Ad-Hoc|iPhone.Build.0 = Ad-Hoc|iPhone
		{3A1EB2AF-F0C3-498C-8A2B-AD5DB79593E6}.Ad-Hoc|iPhoneSimulator.ActiveCfg = Ad-Hoc|iPhoneSimulator
		{3A1EB2AF-F0C3-498C-8A2B-AD5DB79593E6}.Ad-Hoc|iPhoneSimulator.Build.0 = Ad-Hoc|iPhoneSimulator
		{3A1EB2AF-F0C3-498C-8A2B-AD5DB79593E6}.Ad-Hoc|x64.ActiveCfg = Ad-Hoc|iPhone
		{3A1EB2AF-F0C3-498C-8A2B-AD5DB79593E6}.Ad-Hoc|x86.ActiveCfg = Ad-Hoc|iPhone
		{3A1EB2AF-F0C3-498C-8A2B-AD5DB79593E6}.AppStore|Any CPU.ActiveCfg = AppStore|iPhone
		{3A1EB2AF-F0C3-498C-8A2B-AD5DB79593E6}.AppStore|ARM.ActiveCfg = AppStore|iPhone
		{3A1EB2AF-F0C3-498C-8A2B-AD5DB79593E6}.AppStore|iPhone.ActiveCfg = AppStore|iPhone
		{3A1EB2AF-F0C3-498C-8A2B-AD5DB79593E6}.AppStore|iPhone.Build.0 = AppStore|iPhone
		{3A1EB2AF-F0C3-498C-8A2B-AD5DB79593E6}.AppStore|iPhoneSimulator.ActiveCfg = AppStore|iPhoneSimulator
		{3A1EB2AF-F0C3-498C-8A2B-AD5DB79593E6}.AppStore|iPhoneSimulator.Build.0 = AppStore|iPhoneSimulator
		{3A1EB2AF-F0C3-498C-8A2B-AD5DB79593E6}.AppStore|x64.ActiveCfg = AppStore|iPhone
		{3A1EB2AF-F0C3-498C-8A2B-AD5DB79593E6}.AppStore|x86.ActiveCfg = AppStore|iPhone
		{3A1EB2AF-F0C3-498C-8A2B-AD5DB79593E6}.Debug|Any CPU.ActiveCfg = Debug|iPhone
		{3A1EB2AF-F0C3-498C-8A2B-AD5DB79593E6}.Debug|ARM.ActiveCfg = Debug|iPhone
		{3A1EB2AF-F0C3-498C-8A2B-AD5DB79593E6}.Debug|iPhone.ActiveCfg = Debug|iPhone
		{3A1EB2AF-F0C3-498C-8A2B-AD5DB79593E6}.Debug|iPhone.Build.0 = Debug|iPhone
		{3A1EB2AF-F0C3-498C-8A2B-AD5DB79593E6}.Debug|iPhoneSimulator.ActiveCfg = Debug|iPhoneSimulator
		{3A1EB2AF-F0C3-498C-8A2B-AD5DB79593E6}.Debug|iPhoneSimulator.Build.0 = Debug|iPhoneSimulator
		{3A1EB2AF-F0C3-498C-8A2B-AD5DB79593E6}.Debug|x64.ActiveCfg = Debug|iPhone
		{3A1EB2AF-F0C3-498C-8A2B-AD5DB79593E6}.Debug|x86.ActiveCfg = Debug|iPhone
		{3A1EB2AF-F0C3-498C-8A2B-AD5DB79593E6}.Release|Any CPU.ActiveCfg = Release|iPhone
		{3A1EB2AF-F0C3-498C-8A2B-AD5DB79593E6}.Release|ARM.ActiveCfg = Release|iPhone
		{3A1EB2AF-F0C3-498C-8A2B-AD5DB79593E6}.Release|iPhone.ActiveCfg = Release|iPhone
		{3A1EB2AF-F0C3-498C-8A2B-AD5DB79593E6}.Release|iPhone.Build.0 = Release|iPhone
		{3A1EB2AF-F0C3-498C-8A2B-AD5DB79593E6}.Release|iPhoneSimulator.ActiveCfg = Release|iPhoneSimulator
		{3A1EB2AF-F0C3-498C-8A2B-AD5DB79593E6}.Release|iPhoneSimulator.Build.0 = Release|iPhoneSimulator
		{3A1EB2AF-F0C3-498C-8A2B-AD5DB79593E6}.Release|x64.ActiveCfg = Release|iPhone
		{3A1EB2AF-F0C3-498C-8A2B-AD5DB79593E6}.Release|x86.ActiveCfg = Release|iPhone
		{A6C419A5-D020-4925-B7BF-8014E5E0E56A}.Ad-Hoc|Any CPU.ActiveCfg = Release|Any CPU
		{A6C419A5-D020-4925-B7BF-8014E5E0E56A}.Ad-Hoc|Any CPU.Build.0 = Release|Any CPU
		{A6C419A5-D020-4925-B7BF-8014E5E0E56A}.Ad-Hoc|Any CPU.Deploy.0 = Release|Any CPU
		{A6C419A5-D020-4925-B7BF-8014E5E0E56A}.Ad-Hoc|ARM.ActiveCfg = Release|Any CPU
		{A6C419A5-D020-4925-B7BF-8014E5E0E56A}.Ad-Hoc|ARM.Build.0 = Release|Any CPU
		{A6C419A5-D020-4925-B7BF-8014E5E0E56A}.Ad-Hoc|ARM.Deploy.0 = Release|Any CPU
		{A6C419A5-D020-4925-B7BF-8014E5E0E56A}.Ad-Hoc|iPhone.ActiveCfg = Release|Any CPU
		{A6C419A5-D020-4925-B7BF-8014E5E0E56A}.Ad-Hoc|iPhone.Build.0 = Release|Any CPU
		{A6C419A5-D020-4925-B7BF-8014E5E0E56A}.Ad-Hoc|iPhone.Deploy.0 = Release|Any CPU
		{A6C419A5-D020-4925-B7BF-8014E5E0E56A}.Ad-Hoc|iPhoneSimulator.ActiveCfg = Release|Any CPU
		{A6C419A5-D020-4925-B7BF-8014E5E0E56A}.Ad-Hoc|iPhoneSimulator.Build.0 = Release|Any CPU
		{A6C419A5-D020-4925-B7BF-8014E5E0E56A}.Ad-Hoc|iPhoneSimulator.Deploy.0 = Release|Any CPU
		{A6C419A5-D020-4925-B7BF-8014E5E0E56A}.Ad-Hoc|x64.ActiveCfg = Release|Any CPU
		{A6C419A5-D020-4925-B7BF-8014E5E0E56A}.Ad-Hoc|x64.Build.0 = Release|Any CPU
		{A6C419A5-D020-4925-B7BF-8014E5E0E56A}.Ad-Hoc|x64.Deploy.0 = Release|Any CPU
		{A6C419A5-D020-4925-B7BF-8014E5E0E56A}.Ad-Hoc|x86.ActiveCfg = Release|Any CPU
		{A6C419A5-D020-4925-B7BF-8014E5E0E56A}.Ad-Hoc|x86.Build.0 = Release|Any CPU
		{A6C419A5-D020-4925-B7BF-8014E5E0E56A}.Ad-Hoc|x86.Deploy.0 = Release|Any CPU
		{A6C419A5-D020-4925-B7BF-8014E5E0E56A}.AppStore|Any CPU.ActiveCfg = Release|Any CPU
		{A6C419A5-D020-4925-B7BF-8014E5E0E56A}.AppStore|Any CPU.Build.0 = Release|Any CPU
		{A6C419A5-D020-4925-B7BF-8014E5E0E56A}.AppStore|Any CPU.Deploy.0 = Release|Any CPU
		{A6C419A5-D020-4925-B7BF-8014E5E0E56A}.AppStore|ARM.ActiveCfg = Release|Any CPU
		{A6C419A5-D020-4925-B7BF-8014E5E0E56A}.AppStore|ARM.Build.0 = Release|Any CPU
		{A6C419A5-D020-4925-B7BF-8014E5E0E56A}.AppStore|ARM.Deploy.0 = Release|Any CPU
		{A6C419A5-D020-4925-B7BF-8014E5E0E56A}.AppStore|iPhone.ActiveCfg = Release|Any CPU
		{A6C419A5-D020-4925-B7BF-8014E5E0E56A}.AppStore|iPhone.Build.0 = Release|Any CPU
		{A6C419A5-D020-4925-B7BF-8014E5E0E56A}.AppStore|iPhone.Deploy.0 = Release|Any CPU
		{A6C419A5-D020-4925-B7BF-8014E5E0E56A}.AppStore|iPhoneSimulator.ActiveCfg = Release|Any CPU
		{A6C419A5-D020-4925-B7BF-8014E5E0E56A}.AppStore|iPhoneSimulator.Build.0 = Release|Any CPU
		{A6C419A5-D020-4925-B7BF-8014E5E0E56A}.AppStore|iPhoneSimulator.Deploy.0 = Release|Any CPU
		{A6C419A5-D020-4925-B7BF-8014E5E0E56A}.AppStore|x64.ActiveCfg = Release|Any CPU
		{A6C419A5-D020-4925-B7BF-8014E5E0E56A}.AppStore|x64.Build.0 = Release|Any CPU
		{A6C419A5-D020-4925-B7BF-8014E5E0E56A}.AppStore|x64.Deploy.0 = Release|Any CPU
		{A6C419A5-D020-4925-B7BF-8014E5E0E56A}.AppStore|x86.ActiveCfg = Release|Any CPU
		{A6C419A5-D020-4925-B7BF-8014E5E0E56A}.AppStore|x86.Build.0 = Release|Any CPU
		{A6C419A5-D020-4925-B7BF-8014E5E0E56A}.AppStore|x86.Deploy.0 = Release|Any CPU
		{A6C419A5-D020-4925-B7BF-8014E5E0E56A}.Debug|Any CPU.ActiveCfg = Debug|Any CPU
		{A6C419A5-D020-4925-B7BF-8014E5E0E56A}.Debug|Any CPU.Build.0 = Debug|Any CPU
		{A6C419A5-D020-4925-B7BF-8014E5E0E56A}.Debug|Any CPU.Deploy.0 = Debug|Any CPU
		{A6C419A5-D020-4925-B7BF-8014E5E0E56A}.Debug|ARM.ActiveCfg = Debug|Any CPU
		{A6C419A5-D020-4925-B7BF-8014E5E0E56A}.Debug|ARM.Build.0 = Debug|Any CPU
		{A6C419A5-D020-4925-B7BF-8014E5E0E56A}.Debug|ARM.Deploy.0 = Debug|Any CPU
		{A6C419A5-D020-4925-B7BF-8014E5E0E56A}.Debug|iPhone.ActiveCfg = Debug|Any CPU
		{A6C419A5-D020-4925-B7BF-8014E5E0E56A}.Debug|iPhone.Build.0 = Debug|Any CPU
		{A6C419A5-D020-4925-B7BF-8014E5E0E56A}.Debug|iPhone.Deploy.0 = Debug|Any CPU
		{A6C419A5-D020-4925-B7BF-8014E5E0E56A}.Debug|iPhoneSimulator.ActiveCfg = Debug|Any CPU
		{A6C419A5-D020-4925-B7BF-8014E5E0E56A}.Debug|iPhoneSimulator.Build.0 = Debug|Any CPU
		{A6C419A5-D020-4925-B7BF-8014E5E0E56A}.Debug|iPhoneSimulator.Deploy.0 = Debug|Any CPU
		{A6C419A5-D020-4925-B7BF-8014E5E0E56A}.Debug|x64.ActiveCfg = Debug|Any CPU
		{A6C419A5-D020-4925-B7BF-8014E5E0E56A}.Debug|x64.Build.0 = Debug|Any CPU
		{A6C419A5-D020-4925-B7BF-8014E5E0E56A}.Debug|x64.Deploy.0 = Debug|Any CPU
		{A6C419A5-D020-4925-B7BF-8014E5E0E56A}.Debug|x86.ActiveCfg = Debug|Any CPU
		{A6C419A5-D020-4925-B7BF-8014E5E0E56A}.Debug|x86.Build.0 = Debug|Any CPU
		{A6C419A5-D020-4925-B7BF-8014E5E0E56A}.Debug|x86.Deploy.0 = Debug|Any CPU
		{A6C419A5-D020-4925-B7BF-8014E5E0E56A}.Release|Any CPU.ActiveCfg = Release|Any CPU
		{A6C419A5-D020-4925-B7BF-8014E5E0E56A}.Release|Any CPU.Build.0 = Release|Any CPU
		{A6C419A5-D020-4925-B7BF-8014E5E0E56A}.Release|Any CPU.Deploy.0 = Release|Any CPU
		{A6C419A5-D020-4925-B7BF-8014E5E0E56A}.Release|ARM.ActiveCfg = Release|Any CPU
		{A6C419A5-D020-4925-B7BF-8014E5E0E56A}.Release|ARM.Build.0 = Release|Any CPU
		{A6C419A5-D020-4925-B7BF-8014E5E0E56A}.Release|ARM.Deploy.0 = Release|Any CPU
		{A6C419A5-D020-4925-B7BF-8014E5E0E56A}.Release|iPhone.ActiveCfg = Release|Any CPU
		{A6C419A5-D020-4925-B7BF-8014E5E0E56A}.Release|iPhone.Build.0 = Release|Any CPU
		{A6C419A5-D020-4925-B7BF-8014E5E0E56A}.Release|iPhone.Deploy.0 = Release|Any CPU
		{A6C419A5-D020-4925-B7BF-8014E5E0E56A}.Release|iPhoneSimulator.ActiveCfg = Release|Any CPU
		{A6C419A5-D020-4925-B7BF-8014E5E0E56A}.Release|iPhoneSimulator.Build.0 = Release|Any CPU
		{A6C419A5-D020-4925-B7BF-8014E5E0E56A}.Release|iPhoneSimulator.Deploy.0 = Release|Any CPU
		{A6C419A5-D020-4925-B7BF-8014E5E0E56A}.Release|x64.ActiveCfg = Release|Any CPU
		{A6C419A5-D020-4925-B7BF-8014E5E0E56A}.Release|x64.Build.0 = Release|Any CPU
		{A6C419A5-D020-4925-B7BF-8014E5E0E56A}.Release|x64.Deploy.0 = Release|Any CPU
		{A6C419A5-D020-4925-B7BF-8014E5E0E56A}.Release|x86.ActiveCfg = Release|Any CPU
		{A6C419A5-D020-4925-B7BF-8014E5E0E56A}.Release|x86.Build.0 = Release|Any CPU
		{A6C419A5-D020-4925-B7BF-8014E5E0E56A}.Release|x86.Deploy.0 = Release|Any CPU
		{FF9CC0A8-A430-428B-AAAC-DA6350E6EDCD}.Ad-Hoc|Any CPU.ActiveCfg = Release|Any CPU
		{FF9CC0A8-A430-428B-AAAC-DA6350E6EDCD}.Ad-Hoc|Any CPU.Build.0 = Release|Any CPU
		{FF9CC0A8-A430-428B-AAAC-DA6350E6EDCD}.Ad-Hoc|ARM.ActiveCfg = Release|Any CPU
		{FF9CC0A8-A430-428B-AAAC-DA6350E6EDCD}.Ad-Hoc|ARM.Build.0 = Release|Any CPU
		{FF9CC0A8-A430-428B-AAAC-DA6350E6EDCD}.Ad-Hoc|iPhone.ActiveCfg = Release|Any CPU
		{FF9CC0A8-A430-428B-AAAC-DA6350E6EDCD}.Ad-Hoc|iPhone.Build.0 = Release|Any CPU
		{FF9CC0A8-A430-428B-AAAC-DA6350E6EDCD}.Ad-Hoc|iPhoneSimulator.ActiveCfg = Release|Any CPU
		{FF9CC0A8-A430-428B-AAAC-DA6350E6EDCD}.Ad-Hoc|iPhoneSimulator.Build.0 = Release|Any CPU
		{FF9CC0A8-A430-428B-AAAC-DA6350E6EDCD}.Ad-Hoc|x64.ActiveCfg = Release|Any CPU
		{FF9CC0A8-A430-428B-AAAC-DA6350E6EDCD}.Ad-Hoc|x64.Build.0 = Release|Any CPU
		{FF9CC0A8-A430-428B-AAAC-DA6350E6EDCD}.Ad-Hoc|x86.ActiveCfg = Release|Any CPU
		{FF9CC0A8-A430-428B-AAAC-DA6350E6EDCD}.Ad-Hoc|x86.Build.0 = Release|Any CPU
		{FF9CC0A8-A430-428B-AAAC-DA6350E6EDCD}.AppStore|Any CPU.ActiveCfg = Release|Any CPU
		{FF9CC0A8-A430-428B-AAAC-DA6350E6EDCD}.AppStore|Any CPU.Build.0 = Release|Any CPU
		{FF9CC0A8-A430-428B-AAAC-DA6350E6EDCD}.AppStore|ARM.ActiveCfg = Release|Any CPU
		{FF9CC0A8-A430-428B-AAAC-DA6350E6EDCD}.AppStore|ARM.Build.0 = Release|Any CPU
		{FF9CC0A8-A430-428B-AAAC-DA6350E6EDCD}.AppStore|iPhone.ActiveCfg = Release|Any CPU
		{FF9CC0A8-A430-428B-AAAC-DA6350E6EDCD}.AppStore|iPhone.Build.0 = Release|Any CPU
		{FF9CC0A8-A430-428B-AAAC-DA6350E6EDCD}.AppStore|iPhoneSimulator.ActiveCfg = Release|Any CPU
		{FF9CC0A8-A430-428B-AAAC-DA6350E6EDCD}.AppStore|iPhoneSimulator.Build.0 = Release|Any CPU
		{FF9CC0A8-A430-428B-AAAC-DA6350E6EDCD}.AppStore|x64.ActiveCfg = Release|Any CPU
		{FF9CC0A8-A430-428B-AAAC-DA6350E6EDCD}.AppStore|x64.Build.0 = Release|Any CPU
		{FF9CC0A8-A430-428B-AAAC-DA6350E6EDCD}.AppStore|x86.ActiveCfg = Release|Any CPU
		{FF9CC0A8-A430-428B-AAAC-DA6350E6EDCD}.AppStore|x86.Build.0 = Release|Any CPU
		{FF9CC0A8-A430-428B-AAAC-DA6350E6EDCD}.Debug|Any CPU.ActiveCfg = Debug|Any CPU
		{FF9CC0A8-A430-428B-AAAC-DA6350E6EDCD}.Debug|Any CPU.Build.0 = Debug|Any CPU
		{FF9CC0A8-A430-428B-AAAC-DA6350E6EDCD}.Debug|ARM.ActiveCfg = Debug|Any CPU
		{FF9CC0A8-A430-428B-AAAC-DA6350E6EDCD}.Debug|ARM.Build.0 = Debug|Any CPU
		{FF9CC0A8-A430-428B-AAAC-DA6350E6EDCD}.Debug|iPhone.ActiveCfg = Debug|Any CPU
		{FF9CC0A8-A430-428B-AAAC-DA6350E6EDCD}.Debug|iPhone.Build.0 = Debug|Any CPU
		{FF9CC0A8-A430-428B-AAAC-DA6350E6EDCD}.Debug|iPhoneSimulator.ActiveCfg = Debug|Any CPU
		{FF9CC0A8-A430-428B-AAAC-DA6350E6EDCD}.Debug|iPhoneSimulator.Build.0 = Debug|Any CPU
		{FF9CC0A8-A430-428B-AAAC-DA6350E6EDCD}.Debug|x64.ActiveCfg = Debug|Any CPU
		{FF9CC0A8-A430-428B-AAAC-DA6350E6EDCD}.Debug|x64.Build.0 = Debug|Any CPU
		{FF9CC0A8-A430-428B-AAAC-DA6350E6EDCD}.Debug|x86.ActiveCfg = Debug|Any CPU
		{FF9CC0A8-A430-428B-AAAC-DA6350E6EDCD}.Debug|x86.Build.0 = Debug|Any CPU
		{FF9CC0A8-A430-428B-AAAC-DA6350E6EDCD}.Release|Any CPU.ActiveCfg = Release|Any CPU
		{FF9CC0A8-A430-428B-AAAC-DA6350E6EDCD}.Release|Any CPU.Build.0 = Release|Any CPU
		{FF9CC0A8-A430-428B-AAAC-DA6350E6EDCD}.Release|ARM.ActiveCfg = Release|Any CPU
		{FF9CC0A8-A430-428B-AAAC-DA6350E6EDCD}.Release|ARM.Build.0 = Release|Any CPU
		{FF9CC0A8-A430-428B-AAAC-DA6350E6EDCD}.Release|iPhone.ActiveCfg = Release|Any CPU
		{FF9CC0A8-A430-428B-AAAC-DA6350E6EDCD}.Release|iPhone.Build.0 = Release|Any CPU
		{FF9CC0A8-A430-428B-AAAC-DA6350E6EDCD}.Release|iPhoneSimulator.ActiveCfg = Release|Any CPU
		{FF9CC0A8-A430-428B-AAAC-DA6350E6EDCD}.Release|iPhoneSimulator.Build.0 = Release|Any CPU
		{FF9CC0A8-A430-428B-AAAC-DA6350E6EDCD}.Release|x64.ActiveCfg = Release|Any CPU
		{FF9CC0A8-A430-428B-AAAC-DA6350E6EDCD}.Release|x64.Build.0 = Release|Any CPU
		{FF9CC0A8-A430-428B-AAAC-DA6350E6EDCD}.Release|x86.ActiveCfg = Release|Any CPU
		{FF9CC0A8-A430-428B-AAAC-DA6350E6EDCD}.Release|x86.Build.0 = Release|Any CPU
		{B409451C-1C26-464F-84AF-FDC58E931FD5}.Ad-Hoc|Any CPU.ActiveCfg = Release|x86
		{B409451C-1C26-464F-84AF-FDC58E931FD5}.Ad-Hoc|Any CPU.Build.0 = Release|x86
		{B409451C-1C26-464F-84AF-FDC58E931FD5}.Ad-Hoc|Any CPU.Deploy.0 = Release|x86
		{B409451C-1C26-464F-84AF-FDC58E931FD5}.Ad-Hoc|ARM.ActiveCfg = Release|ARM
		{B409451C-1C26-464F-84AF-FDC58E931FD5}.Ad-Hoc|ARM.Build.0 = Release|ARM
		{B409451C-1C26-464F-84AF-FDC58E931FD5}.Ad-Hoc|ARM.Deploy.0 = Release|ARM
		{B409451C-1C26-464F-84AF-FDC58E931FD5}.Ad-Hoc|iPhone.ActiveCfg = Release|x86
		{B409451C-1C26-464F-84AF-FDC58E931FD5}.Ad-Hoc|iPhone.Build.0 = Release|x86
		{B409451C-1C26-464F-84AF-FDC58E931FD5}.Ad-Hoc|iPhone.Deploy.0 = Release|x86
		{B409451C-1C26-464F-84AF-FDC58E931FD5}.Ad-Hoc|iPhoneSimulator.ActiveCfg = Release|x86
		{B409451C-1C26-464F-84AF-FDC58E931FD5}.Ad-Hoc|iPhoneSimulator.Build.0 = Release|x86
		{B409451C-1C26-464F-84AF-FDC58E931FD5}.Ad-Hoc|iPhoneSimulator.Deploy.0 = Release|x86
		{B409451C-1C26-464F-84AF-FDC58E931FD5}.Ad-Hoc|x64.ActiveCfg = Release|x64
		{B409451C-1C26-464F-84AF-FDC58E931FD5}.Ad-Hoc|x64.Build.0 = Release|x64
		{B409451C-1C26-464F-84AF-FDC58E931FD5}.Ad-Hoc|x64.Deploy.0 = Release|x64
		{B409451C-1C26-464F-84AF-FDC58E931FD5}.Ad-Hoc|x86.ActiveCfg = Release|x86
		{B409451C-1C26-464F-84AF-FDC58E931FD5}.Ad-Hoc|x86.Build.0 = Release|x86
		{B409451C-1C26-464F-84AF-FDC58E931FD5}.Ad-Hoc|x86.Deploy.0 = Release|x86
		{B409451C-1C26-464F-84AF-FDC58E931FD5}.AppStore|Any CPU.ActiveCfg = Release|x86
		{B409451C-1C26-464F-84AF-FDC58E931FD5}.AppStore|Any CPU.Build.0 = Release|x86
		{B409451C-1C26-464F-84AF-FDC58E931FD5}.AppStore|Any CPU.Deploy.0 = Release|x86
		{B409451C-1C26-464F-84AF-FDC58E931FD5}.AppStore|ARM.ActiveCfg = Release|ARM
		{B409451C-1C26-464F-84AF-FDC58E931FD5}.AppStore|ARM.Build.0 = Release|ARM
		{B409451C-1C26-464F-84AF-FDC58E931FD5}.AppStore|ARM.Deploy.0 = Release|ARM
		{B409451C-1C26-464F-84AF-FDC58E931FD5}.AppStore|iPhone.ActiveCfg = Release|x86
		{B409451C-1C26-464F-84AF-FDC58E931FD5}.AppStore|iPhone.Build.0 = Release|x86
		{B409451C-1C26-464F-84AF-FDC58E931FD5}.AppStore|iPhone.Deploy.0 = Release|x86
		{B409451C-1C26-464F-84AF-FDC58E931FD5}.AppStore|iPhoneSimulator.ActiveCfg = Release|x86
		{B409451C-1C26-464F-84AF-FDC58E931FD5}.AppStore|iPhoneSimulator.Build.0 = Release|x86
		{B409451C-1C26-464F-84AF-FDC58E931FD5}.AppStore|iPhoneSimulator.Deploy.0 = Release|x86
		{B409451C-1C26-464F-84AF-FDC58E931FD5}.AppStore|x64.ActiveCfg = Release|x64
		{B409451C-1C26-464F-84AF-FDC58E931FD5}.AppStore|x64.Build.0 = Release|x64
		{B409451C-1C26-464F-84AF-FDC58E931FD5}.AppStore|x64.Deploy.0 = Release|x64
		{B409451C-1C26-464F-84AF-FDC58E931FD5}.AppStore|x86.ActiveCfg = Release|x86
		{B409451C-1C26-464F-84AF-FDC58E931FD5}.AppStore|x86.Build.0 = Release|x86
		{B409451C-1C26-464F-84AF-FDC58E931FD5}.AppStore|x86.Deploy.0 = Release|x86
		{B409451C-1C26-464F-84AF-FDC58E931FD5}.Debug|Any CPU.ActiveCfg = Debug|x86
		{B409451C-1C26-464F-84AF-FDC58E931FD5}.Debug|ARM.ActiveCfg = Debug|ARM
		{B409451C-1C26-464F-84AF-FDC58E931FD5}.Debug|ARM.Build.0 = Debug|ARM
		{B409451C-1C26-464F-84AF-FDC58E931FD5}.Debug|ARM.Deploy.0 = Debug|ARM
		{B409451C-1C26-464F-84AF-FDC58E931FD5}.Debug|iPhone.ActiveCfg = Debug|x86
		{B409451C-1C26-464F-84AF-FDC58E931FD5}.Debug|iPhoneSimulator.ActiveCfg = Debug|x86
		{B409451C-1C26-464F-84AF-FDC58E931FD5}.Debug|x64.ActiveCfg = Debug|x64
		{B409451C-1C26-464F-84AF-FDC58E931FD5}.Debug|x64.Build.0 = Debug|x64
		{B409451C-1C26-464F-84AF-FDC58E931FD5}.Debug|x64.Deploy.0 = Debug|x64
		{B409451C-1C26-464F-84AF-FDC58E931FD5}.Debug|x86.ActiveCfg = Debug|x86
		{B409451C-1C26-464F-84AF-FDC58E931FD5}.Debug|x86.Build.0 = Debug|x86
		{B409451C-1C26-464F-84AF-FDC58E931FD5}.Debug|x86.Deploy.0 = Debug|x86
		{B409451C-1C26-464F-84AF-FDC58E931FD5}.Release|Any CPU.ActiveCfg = Release|x86
		{B409451C-1C26-464F-84AF-FDC58E931FD5}.Release|ARM.ActiveCfg = Release|ARM
		{B409451C-1C26-464F-84AF-FDC58E931FD5}.Release|ARM.Build.0 = Release|ARM
		{B409451C-1C26-464F-84AF-FDC58E931FD5}.Release|ARM.Deploy.0 = Release|ARM
		{B409451C-1C26-464F-84AF-FDC58E931FD5}.Release|iPhone.ActiveCfg = Release|x86
		{B409451C-1C26-464F-84AF-FDC58E931FD5}.Release|iPhoneSimulator.ActiveCfg = Release|x86
		{B409451C-1C26-464F-84AF-FDC58E931FD5}.Release|x64.ActiveCfg = Release|x64
		{B409451C-1C26-464F-84AF-FDC58E931FD5}.Release|x64.Build.0 = Release|x64
		{B409451C-1C26-464F-84AF-FDC58E931FD5}.Release|x64.Deploy.0 = Release|x64
		{B409451C-1C26-464F-84AF-FDC58E931FD5}.Release|x86.ActiveCfg = Release|x86
		{B409451C-1C26-464F-84AF-FDC58E931FD5}.Release|x86.Build.0 = Release|x86
		{B409451C-1C26-464F-84AF-FDC58E931FD5}.Release|x86.Deploy.0 = Release|x86
		{B2939796-8353-4792-9ECC-16D786F09B73}.Ad-Hoc|Any CPU.ActiveCfg = Ad-Hoc|iPhone
		{B2939796-8353-4792-9ECC-16D786F09B73}.Ad-Hoc|ARM.ActiveCfg = Ad-Hoc|iPhone
		{B2939796-8353-4792-9ECC-16D786F09B73}.Ad-Hoc|iPhone.ActiveCfg = Ad-Hoc|iPhone
		{B2939796-8353-4792-9ECC-16D786F09B73}.Ad-Hoc|iPhone.Build.0 = Ad-Hoc|iPhone
		{B2939796-8353-4792-9ECC-16D786F09B73}.Ad-Hoc|iPhoneSimulator.ActiveCfg = Ad-Hoc|iPhoneSimulator
		{B2939796-8353-4792-9ECC-16D786F09B73}.Ad-Hoc|iPhoneSimulator.Build.0 = Ad-Hoc|iPhoneSimulator
		{B2939796-8353-4792-9ECC-16D786F09B73}.Ad-Hoc|x64.ActiveCfg = Ad-Hoc|iPhone
		{B2939796-8353-4792-9ECC-16D786F09B73}.Ad-Hoc|x86.ActiveCfg = Ad-Hoc|iPhone
		{B2939796-8353-4792-9ECC-16D786F09B73}.AppStore|Any CPU.ActiveCfg = AppStore|iPhone
		{B2939796-8353-4792-9ECC-16D786F09B73}.AppStore|ARM.ActiveCfg = AppStore|iPhone
		{B2939796-8353-4792-9ECC-16D786F09B73}.AppStore|iPhone.ActiveCfg = AppStore|iPhone
		{B2939796-8353-4792-9ECC-16D786F09B73}.AppStore|iPhone.Build.0 = AppStore|iPhone
		{B2939796-8353-4792-9ECC-16D786F09B73}.AppStore|iPhoneSimulator.ActiveCfg = AppStore|iPhoneSimulator
		{B2939796-8353-4792-9ECC-16D786F09B73}.AppStore|iPhoneSimulator.Build.0 = AppStore|iPhoneSimulator
		{B2939796-8353-4792-9ECC-16D786F09B73}.AppStore|x64.ActiveCfg = AppStore|iPhone
		{B2939796-8353-4792-9ECC-16D786F09B73}.AppStore|x86.ActiveCfg = AppStore|iPhone
		{B2939796-8353-4792-9ECC-16D786F09B73}.Debug|Any CPU.ActiveCfg = Debug|iPhone
		{B2939796-8353-4792-9ECC-16D786F09B73}.Debug|ARM.ActiveCfg = Debug|iPhone
		{B2939796-8353-4792-9ECC-16D786F09B73}.Debug|iPhone.ActiveCfg = Debug|iPhone
		{B2939796-8353-4792-9ECC-16D786F09B73}.Debug|iPhone.Build.0 = Debug|iPhone
		{B2939796-8353-4792-9ECC-16D786F09B73}.Debug|iPhoneSimulator.ActiveCfg = Debug|iPhoneSimulator
		{B2939796-8353-4792-9ECC-16D786F09B73}.Debug|iPhoneSimulator.Build.0 = Debug|iPhoneSimulator
		{B2939796-8353-4792-9ECC-16D786F09B73}.Debug|x64.ActiveCfg = Debug|iPhone
		{B2939796-8353-4792-9ECC-16D786F09B73}.Debug|x86.ActiveCfg = Debug|iPhone
		{B2939796-8353-4792-9ECC-16D786F09B73}.Release|Any CPU.ActiveCfg = Release|iPhone
		{B2939796-8353-4792-9ECC-16D786F09B73}.Release|ARM.ActiveCfg = Release|iPhone
		{B2939796-8353-4792-9ECC-16D786F09B73}.Release|iPhone.ActiveCfg = Release|iPhone
		{B2939796-8353-4792-9ECC-16D786F09B73}.Release|iPhone.Build.0 = Release|iPhone
		{B2939796-8353-4792-9ECC-16D786F09B73}.Release|iPhoneSimulator.ActiveCfg = Release|iPhoneSimulator
		{B2939796-8353-4792-9ECC-16D786F09B73}.Release|iPhoneSimulator.Build.0 = Release|iPhoneSimulator
		{B2939796-8353-4792-9ECC-16D786F09B73}.Release|x64.ActiveCfg = Release|iPhone
		{B2939796-8353-4792-9ECC-16D786F09B73}.Release|x86.ActiveCfg = Release|iPhone
	EndGlobalSection
	GlobalSection(SolutionProperties) = preSolution
		HideSolutionNode = FALSE
	EndGlobalSection
	GlobalSection(NestedProjects) = preSolution
		{303C6BD8-4B6B-465C-B4B0-82AFD7FFFA68} = {80C445DD-673D-47C9-8F9C-3A1E8AA16C64}
		{3A1EB2AF-F0C3-498C-8A2B-AD5DB79593E6} = {DD37091B-AE10-4D2D-898F-650C5015625C}
		{A6C419A5-D020-4925-B7BF-8014E5E0E56A} = {7785EE11-01F1-48C8-ABEC-A41362A02491}
		{FF9CC0A8-A430-428B-AAAC-DA6350E6EDCD} = {7785EE11-01F1-48C8-ABEC-A41362A02491}
		{B409451C-1C26-464F-84AF-FDC58E931FD5} = {7785EE11-01F1-48C8-ABEC-A41362A02491}
		{B2939796-8353-4792-9ECC-16D786F09B73} = {7785EE11-01F1-48C8-ABEC-A41362A02491}
	EndGlobalSection
	GlobalSection(ExtensibilityGlobals) = postSolution
		SolutionGuid = {734CDA6B-1127-400F-B52B-FC1850AF6CD0}
	EndGlobalSection
EndGlobal
